<?xml version="1.0" encoding="UTF-8"?>
<!DOCTYPE plist PUBLIC "-//Apple//DTD PLIST 1.0//EN" "http://www.apple.com/DTDs/PropertyList-1.0.dtd">
<plist version="1.0">
<dict>
	<key>archiveVersion</key>
	<string>1</string>
	<key>classes</key>
	<dict/>
	<key>objectVersion</key>
	<string>46</string>
	<key>objects</key>
	<dict>
		<key>3276B66078D61BF734DAEACF</key>
		<dict>
			<key>children</key>
			<array>
				<string>9D866E15CA868D8BDAE9ADB7</string>
			</array>
			<key>isa</key>
			<string>PBXGroup</string>
			<key>name</key>
			<string>Frameworks</string>
			<key>sourceTree</key>
			<string>&lt;group&gt;</string>
		</dict>
		<key>67E7888E8CB2AA6C28B5D77D</key>
		<dict>
			<key>children</key>
			<array>
				<string>7CD869FFA8C3EBDA4A136995</string>
				<string>CB68821D34DF53453DA3D426</string>
			</array>
			<key>isa</key>
			<string>PBXGroup</string>
			<key>name</key>
			<string>Pods</string>
			<key>sourceTree</key>
			<string>&lt;group&gt;</string>
		</dict>
		<key>7CD869FFA8C3EBDA4A136995</key>
		<dict>
			<key>includeInIndex</key>
			<string>1</string>
			<key>isa</key>
			<string>PBXFileReference</string>
			<key>lastKnownFileType</key>
			<string>text.xcconfig</string>
			<key>name</key>
			<string>Pods.debug.xcconfig</string>
			<key>path</key>
			<string>Pods/Target Support Files/Pods/Pods.debug.xcconfig</string>
			<key>sourceTree</key>
			<string>&lt;group&gt;</string>
		</dict>
		<key>81A85812234139F6F917977C</key>
		<dict>
			<key>fileRef</key>
			<string>9D866E15CA868D8BDAE9ADB7</string>
			<key>isa</key>
			<string>PBXBuildFile</string>
		</dict>
		<key>9D866E15CA868D8BDAE9ADB7</key>
		<dict>
			<key>explicitFileType</key>
			<string>archive.ar</string>
			<key>includeInIndex</key>
			<string>0</string>
			<key>isa</key>
			<string>PBXFileReference</string>
			<key>path</key>
			<string>libPods.a</string>
			<key>sourceTree</key>
			<string>BUILT_PRODUCTS_DIR</string>
		</dict>
		<key>A3E680AC8956B95E33BBD16C</key>
		<dict>
			<key>buildActionMask</key>
			<string>2147483647</string>
			<key>files</key>
			<array/>
			<key>inputPaths</key>
			<array/>
			<key>isa</key>
			<string>PBXShellScriptBuildPhase</string>
			<key>name</key>
			<string>Copy Pods Resources</string>
			<key>outputPaths</key>
			<array/>
			<key>runOnlyForDeploymentPostprocessing</key>
			<string>0</string>
			<key>shellPath</key>
			<string>/bin/sh</string>
			<key>shellScript</key>
			<string>"${SRCROOT}/Pods/Target Support Files/Pods/Pods-resources.sh"
</string>
			<key>showEnvVarsInLog</key>
			<string>0</string>
		</dict>
		<key>CB68821D34DF53453DA3D426</key>
		<dict>
			<key>includeInIndex</key>
			<string>1</string>
			<key>isa</key>
			<string>PBXFileReference</string>
			<key>lastKnownFileType</key>
			<string>text.xcconfig</string>
			<key>name</key>
			<string>Pods.release.xcconfig</string>
			<key>path</key>
			<string>Pods/Target Support Files/Pods/Pods.release.xcconfig</string>
			<key>sourceTree</key>
			<string>&lt;group&gt;</string>
		</dict>
		<key>D97FC2479EEE54FC38DE5EA0</key>
		<dict>
			<key>buildActionMask</key>
			<string>2147483647</string>
			<key>files</key>
			<array/>
			<key>inputPaths</key>
			<array/>
			<key>isa</key>
			<string>PBXShellScriptBuildPhase</string>
			<key>name</key>
			<string>Check Pods Manifest.lock</string>
			<key>outputPaths</key>
			<array/>
			<key>runOnlyForDeploymentPostprocessing</key>
			<string>0</string>
			<key>shellPath</key>
			<string>/bin/sh</string>
			<key>shellScript</key>
			<string>diff "${PODS_ROOT}/../Podfile.lock" "${PODS_ROOT}/Manifest.lock" &gt; /dev/null
if [[ $? != 0 ]] ; then
    cat &lt;&lt; EOM
error: The sandbox is not in sync with the Podfile.lock. Run 'pod install' or update your CocoaPods installation.
EOM
    exit 1
fi
</string>
			<key>showEnvVarsInLog</key>
			<string>0</string>
		</dict>
		<key>DBF5956D1AA93DC100C50DAB</key>
		<dict>
			<key>children</key>
			<array>
				<string>DBF595781AA93DC100C50DAB</string>
				<string>DBF5958E1AA93DC100C50DAB</string>
				<string>DBF595771AA93DC100C50DAB</string>
				<string>67E7888E8CB2AA6C28B5D77D</string>
				<string>3276B66078D61BF734DAEACF</string>
			</array>
			<key>isa</key>
			<string>PBXGroup</string>
			<key>sourceTree</key>
			<string>&lt;group&gt;</string>
		</dict>
		<key>DBF5956E1AA93DC100C50DAB</key>
		<dict>
			<key>attributes</key>
			<dict>
				<key>LastUpgradeCheck</key>
				<string>0610</string>
				<key>ORGANIZATIONNAME</key>
				<string>TallyHo</string>
				<key>TargetAttributes</key>
				<dict>
					<key>DBF595751AA93DC100C50DAB</key>
					<dict>
						<key>CreatedOnToolsVersion</key>
						<string>6.1.1</string>
					</dict>
					<key>DBF5958A1AA93DC100C50DAB</key>
					<dict>
						<key>CreatedOnToolsVersion</key>
						<string>6.1.1</string>
						<key>TestTargetID</key>
						<string>DBF595751AA93DC100C50DAB</string>
					</dict>
				</dict>
			</dict>
			<key>buildConfigurationList</key>
			<string>DBF595711AA93DC100C50DAB</string>
			<key>compatibilityVersion</key>
			<string>Xcode 3.2</string>
			<key>developmentRegion</key>
			<string>English</string>
			<key>hasScannedForEncodings</key>
			<string>0</string>
			<key>isa</key>
			<string>PBXProject</string>
			<key>knownRegions</key>
			<array>
				<string>en</string>
				<string>Base</string>
			</array>
			<key>mainGroup</key>
			<string>DBF5956D1AA93DC100C50DAB</string>
			<key>productRefGroup</key>
			<string>DBF595771AA93DC100C50DAB</string>
			<key>projectDirPath</key>
			<string></string>
			<key>projectReferences</key>
			<array/>
			<key>projectRoot</key>
			<string></string>
			<key>targets</key>
			<array>
				<string>DBF595751AA93DC100C50DAB</string>
				<string>DBF5958A1AA93DC100C50DAB</string>
			</array>
		</dict>
		<key>DBF595711AA93DC100C50DAB</key>
		<dict>
			<key>buildConfigurations</key>
			<array>
				<string>DBF595931AA93DC100C50DAB</string>
				<string>DBF595941AA93DC100C50DAB</string>
			</array>
			<key>defaultConfigurationIsVisible</key>
			<string>0</string>
			<key>defaultConfigurationName</key>
			<string>Release</string>
			<key>isa</key>
			<string>XCConfigurationList</string>
		</dict>
		<key>DBF595721AA93DC100C50DAB</key>
		<dict>
			<key>buildActionMask</key>
			<string>2147483647</string>
			<key>files</key>
			<array>
				<string>DBF5957E1AA93DC100C50DAB</string>
				<string>DBF595C11AA93E7700C50DAB</string>
				<string>DBF595BE1AA93E7700C50DAB</string>
				<string>DBF595BB1AA93E7700C50DAB</string>
				<string>DBF595B91AA93E7700C50DAB</string>
				<string>DBF595BD1AA93E7700C50DAB</string>
				<string>DBF595BF1AA93E7700C50DAB</string>
				<string>DBF595C21AA93E7700C50DAB</string>
				<string>DBF595C51AA93E7700C50DAB</string>
				<string>DBF595BA1AA93E7700C50DAB</string>
				<string>DBF595B71AA93E7700C50DAB</string>
				<string>DBF595C71AA93E7700C50DAB</string>
				<string>DBF5957C1AA93DC100C50DAB</string>
				<string>DBF595B81AA93E7700C50DAB</string>
				<string>DBF595C01AA93E7700C50DAB</string>
				<string>DBF595C41AA93E7700C50DAB</string>
				<string>DBF595C61AA93E7700C50DAB</string>
				<string>DBF595C31AA93E7700C50DAB</string>
				<string>DBF595B61AA93E7700C50DAB</string>
				<string>DBF595C81AA93E7700C50DAB</string>
			</array>
			<key>isa</key>
			<string>PBXSourcesBuildPhase</string>
			<key>runOnlyForDeploymentPostprocessing</key>
			<string>0</string>
		</dict>
		<key>DBF595731AA93DC100C50DAB</key>
		<dict>
			<key>buildActionMask</key>
			<string>2147483647</string>
			<key>files</key>
			<array>
				<string>81A85812234139F6F917977C</string>
			</array>
			<key>isa</key>
			<string>PBXFrameworksBuildPhase</string>
			<key>runOnlyForDeploymentPostprocessing</key>
			<string>0</string>
		</dict>
		<key>DBF595741AA93DC100C50DAB</key>
		<dict>
			<key>buildActionMask</key>
			<string>2147483647</string>
			<key>files</key>
			<array>
				<string>DBF595BC1AA93E7700C50DAB</string>
				<string>DBF595811AA93DC100C50DAB</string>
				<string>DBF595861AA93DC100C50DAB</string>
				<string>DBF595831AA93DC100C50DAB</string>
			</array>
			<key>isa</key>
			<string>PBXResourcesBuildPhase</string>
			<key>runOnlyForDeploymentPostprocessing</key>
			<string>0</string>
		</dict>
		<key>DBF595751AA93DC100C50DAB</key>
		<dict>
			<key>buildConfigurationList</key>
			<string>DBF595951AA93DC100C50DAB</string>
			<key>buildPhases</key>
			<array>
				<string>D97FC2479EEE54FC38DE5EA0</string>
				<string>DBF595721AA93DC100C50DAB</string>
				<string>DBF595731AA93DC100C50DAB</string>
				<string>DBF595741AA93DC100C50DAB</string>
				<string>A3E680AC8956B95E33BBD16C</string>
			</array>
			<key>buildRules</key>
			<array/>
			<key>dependencies</key>
			<array/>
			<key>isa</key>
			<string>PBXNativeTarget</string>
			<key>name</key>
			<string>TallyHo</string>
			<key>productName</key>
			<string>TallyHo</string>
			<key>productReference</key>
			<string>DBF595761AA93DC100C50DAB</string>
			<key>productType</key>
			<string>com.apple.product-type.application</string>
		</dict>
		<key>DBF595761AA93DC100C50DAB</key>
		<dict>
			<key>explicitFileType</key>
			<string>wrapper.application</string>
			<key>includeInIndex</key>
			<string>0</string>
			<key>isa</key>
			<string>PBXFileReference</string>
			<key>path</key>
			<string>TallyHo.app</string>
			<key>sourceTree</key>
			<string>BUILT_PRODUCTS_DIR</string>
		</dict>
		<key>DBF595771AA93DC100C50DAB</key>
		<dict>
			<key>children</key>
			<array>
				<string>DBF595761AA93DC100C50DAB</string>
				<string>DBF5958B1AA93DC100C50DAB</string>
			</array>
			<key>isa</key>
			<string>PBXGroup</string>
			<key>name</key>
			<string>Products</string>
			<key>sourceTree</key>
			<string>&lt;group&gt;</string>
		</dict>
		<key>DBF595781AA93DC100C50DAB</key>
		<dict>
			<key>children</key>
			<array>
				<string>DBF5959B1AA93E7700C50DAB</string>
				<string>DBF5957B1AA93DC100C50DAB</string>
				<string>DBF5957D1AA93DC100C50DAB</string>
				<string>DBF5957F1AA93DC100C50DAB</string>
				<string>DBF595821AA93DC100C50DAB</string>
				<string>DBF595841AA93DC100C50DAB</string>
				<string>DBF595791AA93DC100C50DAB</string>
			</array>
			<key>isa</key>
			<string>PBXGroup</string>
			<key>path</key>
			<string>TallyHo</string>
			<key>sourceTree</key>
			<string>&lt;group&gt;</string>
		</dict>
		<key>DBF595791AA93DC100C50DAB</key>
		<dict>
			<key>children</key>
			<array>
				<string>DBF5957A1AA93DC100C50DAB</string>
			</array>
			<key>isa</key>
			<string>PBXGroup</string>
			<key>name</key>
			<string>Supporting Files</string>
			<key>sourceTree</key>
			<string>&lt;group&gt;</string>
		</dict>
		<key>DBF5957A1AA93DC100C50DAB</key>
		<dict>
			<key>isa</key>
			<string>PBXFileReference</string>
			<key>lastKnownFileType</key>
			<string>text.plist.xml</string>
			<key>path</key>
			<string>Info.plist</string>
			<key>sourceTree</key>
			<string>&lt;group&gt;</string>
		</dict>
		<key>DBF5957B1AA93DC100C50DAB</key>
		<dict>
			<key>isa</key>
			<string>PBXFileReference</string>
			<key>lastKnownFileType</key>
			<string>sourcecode.swift</string>
			<key>path</key>
			<string>AppDelegate.swift</string>
			<key>sourceTree</key>
			<string>&lt;group&gt;</string>
		</dict>
		<key>DBF5957C1AA93DC100C50DAB</key>
		<dict>
			<key>fileRef</key>
			<string>DBF5957B1AA93DC100C50DAB</string>
			<key>isa</key>
			<string>PBXBuildFile</string>
		</dict>
		<key>DBF5957D1AA93DC100C50DAB</key>
		<dict>
			<key>isa</key>
			<string>PBXFileReference</string>
			<key>lastKnownFileType</key>
			<string>sourcecode.swift</string>
			<key>path</key>
			<string>ViewController.swift</string>
			<key>sourceTree</key>
			<string>&lt;group&gt;</string>
		</dict>
		<key>DBF5957E1AA93DC100C50DAB</key>
		<dict>
			<key>fileRef</key>
			<string>DBF5957D1AA93DC100C50DAB</string>
			<key>isa</key>
			<string>PBXBuildFile</string>
		</dict>
		<key>DBF5957F1AA93DC100C50DAB</key>
		<dict>
			<key>children</key>
			<array>
				<string>DBF595801AA93DC100C50DAB</string>
			</array>
			<key>isa</key>
			<string>PBXVariantGroup</string>
			<key>name</key>
			<string>Main.storyboard</string>
			<key>sourceTree</key>
			<string>&lt;group&gt;</string>
		</dict>
		<key>DBF595801AA93DC100C50DAB</key>
		<dict>
			<key>isa</key>
			<string>PBXFileReference</string>
			<key>lastKnownFileType</key>
			<string>file.storyboard</string>
			<key>name</key>
			<string>Base</string>
			<key>path</key>
			<string>Base.lproj/Main.storyboard</string>
			<key>sourceTree</key>
			<string>&lt;group&gt;</string>
		</dict>
		<key>DBF595811AA93DC100C50DAB</key>
		<dict>
			<key>fileRef</key>
			<string>DBF5957F1AA93DC100C50DAB</string>
			<key>isa</key>
			<string>PBXBuildFile</string>
		</dict>
		<key>DBF595821AA93DC100C50DAB</key>
		<dict>
			<key>isa</key>
			<string>PBXFileReference</string>
			<key>lastKnownFileType</key>
			<string>folder.assetcatalog</string>
			<key>path</key>
			<string>Images.xcassets</string>
			<key>sourceTree</key>
			<string>&lt;group&gt;</string>
		</dict>
		<key>DBF595831AA93DC100C50DAB</key>
		<dict>
			<key>fileRef</key>
			<string>DBF595821AA93DC100C50DAB</string>
			<key>isa</key>
			<string>PBXBuildFile</string>
		</dict>
		<key>DBF595841AA93DC100C50DAB</key>
		<dict>
			<key>children</key>
			<array>
				<string>DBF595851AA93DC100C50DAB</string>
			</array>
			<key>isa</key>
			<string>PBXVariantGroup</string>
			<key>name</key>
			<string>LaunchScreen.xib</string>
			<key>sourceTree</key>
			<string>&lt;group&gt;</string>
		</dict>
		<key>DBF595851AA93DC100C50DAB</key>
		<dict>
			<key>isa</key>
			<string>PBXFileReference</string>
			<key>lastKnownFileType</key>
			<string>file.xib</string>
			<key>name</key>
			<string>Base</string>
			<key>path</key>
			<string>Base.lproj/LaunchScreen.xib</string>
			<key>sourceTree</key>
			<string>&lt;group&gt;</string>
		</dict>
		<key>DBF595861AA93DC100C50DAB</key>
		<dict>
			<key>fileRef</key>
			<string>DBF595841AA93DC100C50DAB</string>
			<key>isa</key>
			<string>PBXBuildFile</string>
		</dict>
		<key>DBF595871AA93DC100C50DAB</key>
		<dict>
			<key>buildActionMask</key>
			<string>2147483647</string>
			<key>files</key>
			<array>
				<string>DBF595921AA93DC100C50DAB</string>
			</array>
			<key>isa</key>
			<string>PBXSourcesBuildPhase</string>
			<key>runOnlyForDeploymentPostprocessing</key>
			<string>0</string>
		</dict>
		<key>DBF595881AA93DC100C50DAB</key>
		<dict>
			<key>buildActionMask</key>
			<string>2147483647</string>
			<key>files</key>
			<array/>
			<key>isa</key>
			<string>PBXFrameworksBuildPhase</string>
			<key>runOnlyForDeploymentPostprocessing</key>
			<string>0</string>
		</dict>
		<key>DBF595891AA93DC100C50DAB</key>
		<dict>
			<key>buildActionMask</key>
			<string>2147483647</string>
			<key>files</key>
			<array/>
			<key>isa</key>
			<string>PBXResourcesBuildPhase</string>
			<key>runOnlyForDeploymentPostprocessing</key>
			<string>0</string>
		</dict>
		<key>DBF5958A1AA93DC100C50DAB</key>
		<dict>
			<key>buildConfigurationList</key>
			<string>DBF595981AA93DC100C50DAB</string>
			<key>buildPhases</key>
			<array>
				<string>DBF595871AA93DC100C50DAB</string>
				<string>DBF595881AA93DC100C50DAB</string>
				<string>DBF595891AA93DC100C50DAB</string>
			</array>
			<key>buildRules</key>
			<array/>
			<key>dependencies</key>
			<array>
				<string>DBF5958D1AA93DC100C50DAB</string>
			</array>
			<key>isa</key>
			<string>PBXNativeTarget</string>
			<key>name</key>
			<string>TallyHoTests</string>
			<key>productName</key>
			<string>TallyHoTests</string>
			<key>productReference</key>
			<string>DBF5958B1AA93DC100C50DAB</string>
			<key>productType</key>
			<string>com.apple.product-type.bundle.unit-test</string>
		</dict>
		<key>DBF5958B1AA93DC100C50DAB</key>
		<dict>
			<key>explicitFileType</key>
			<string>wrapper.cfbundle</string>
			<key>includeInIndex</key>
			<string>0</string>
			<key>isa</key>
			<string>PBXFileReference</string>
			<key>path</key>
			<string>TallyHoTests.xctest</string>
			<key>sourceTree</key>
			<string>BUILT_PRODUCTS_DIR</string>
		</dict>
		<key>DBF5958C1AA93DC100C50DAB</key>
		<dict>
			<key>containerPortal</key>
			<string>DBF5956E1AA93DC100C50DAB</string>
			<key>isa</key>
			<string>PBXContainerItemProxy</string>
			<key>proxyType</key>
			<string>1</string>
			<key>remoteGlobalIDString</key>
			<string>DBF595751AA93DC100C50DAB</string>
			<key>remoteInfo</key>
			<string>TallyHo</string>
		</dict>
		<key>DBF5958D1AA93DC100C50DAB</key>
		<dict>
			<key>isa</key>
			<string>PBXTargetDependency</string>
			<key>target</key>
			<string>DBF595751AA93DC100C50DAB</string>
			<key>targetProxy</key>
			<string>DBF5958C1AA93DC100C50DAB</string>
		</dict>
		<key>DBF5958E1AA93DC100C50DAB</key>
		<dict>
			<key>children</key>
			<array>
				<string>DBF595911AA93DC100C50DAB</string>
				<string>DBF5958F1AA93DC100C50DAB</string>
			</array>
			<key>isa</key>
			<string>PBXGroup</string>
			<key>path</key>
			<string>TallyHoTests</string>
			<key>sourceTree</key>
			<string>&lt;group&gt;</string>
		</dict>
		<key>DBF5958F1AA93DC100C50DAB</key>
		<dict>
			<key>children</key>
			<array>
				<string>DBF595901AA93DC100C50DAB</string>
			</array>
			<key>isa</key>
			<string>PBXGroup</string>
			<key>name</key>
			<string>Supporting Files</string>
			<key>sourceTree</key>
			<string>&lt;group&gt;</string>
		</dict>
		<key>DBF595901AA93DC100C50DAB</key>
		<dict>
			<key>isa</key>
			<string>PBXFileReference</string>
			<key>lastKnownFileType</key>
			<string>text.plist.xml</string>
			<key>path</key>
			<string>Info.plist</string>
			<key>sourceTree</key>
			<string>&lt;group&gt;</string>
		</dict>
		<key>DBF595911AA93DC100C50DAB</key>
		<dict>
			<key>isa</key>
			<string>PBXFileReference</string>
			<key>lastKnownFileType</key>
			<string>sourcecode.swift</string>
			<key>path</key>
			<string>TallyHoTests.swift</string>
			<key>sourceTree</key>
			<string>&lt;group&gt;</string>
		</dict>
		<key>DBF595921AA93DC100C50DAB</key>
		<dict>
			<key>fileRef</key>
			<string>DBF595911AA93DC100C50DAB</string>
			<key>isa</key>
			<string>PBXBuildFile</string>
		</dict>
		<key>DBF595931AA93DC100C50DAB</key>
		<dict>
			<key>buildSettings</key>
			<dict>
				<key>ALWAYS_SEARCH_USER_PATHS</key>
				<string>NO</string>
				<key>CLANG_CXX_LANGUAGE_STANDARD</key>
				<string>gnu++0x</string>
				<key>CLANG_CXX_LIBRARY</key>
				<string>libc++</string>
				<key>CLANG_ENABLE_MODULES</key>
				<string>YES</string>
				<key>CLANG_ENABLE_OBJC_ARC</key>
				<string>YES</string>
				<key>CLANG_WARN_BOOL_CONVERSION</key>
				<string>YES</string>
				<key>CLANG_WARN_CONSTANT_CONVERSION</key>
				<string>YES</string>
				<key>CLANG_WARN_DIRECT_OBJC_ISA_USAGE</key>
				<string>YES_ERROR</string>
				<key>CLANG_WARN_EMPTY_BODY</key>
				<string>YES</string>
				<key>CLANG_WARN_ENUM_CONVERSION</key>
				<string>YES</string>
				<key>CLANG_WARN_INT_CONVERSION</key>
				<string>YES</string>
				<key>CLANG_WARN_OBJC_ROOT_CLASS</key>
				<string>YES_ERROR</string>
				<key>CLANG_WARN_UNREACHABLE_CODE</key>
				<string>YES</string>
				<key>CLANG_WARN__DUPLICATE_METHOD_MATCH</key>
				<string>YES</string>
				<key>CODE_SIGN_IDENTITY[sdk=iphoneos*]</key>
				<string>iPhone Developer</string>
				<key>COPY_PHASE_STRIP</key>
				<string>NO</string>
				<key>ENABLE_STRICT_OBJC_MSGSEND</key>
				<string>YES</string>
				<key>GCC_C_LANGUAGE_STANDARD</key>
				<string>gnu99</string>
				<key>GCC_DYNAMIC_NO_PIC</key>
				<string>NO</string>
				<key>GCC_OPTIMIZATION_LEVEL</key>
				<string>0</string>
				<key>GCC_PREPROCESSOR_DEFINITIONS</key>
				<array>
					<string>DEBUG=1</string>
					<string>$(inherited)</string>
				</array>
				<key>GCC_SYMBOLS_PRIVATE_EXTERN</key>
				<string>NO</string>
				<key>GCC_WARN_64_TO_32_BIT_CONVERSION</key>
				<string>YES</string>
				<key>GCC_WARN_ABOUT_RETURN_TYPE</key>
				<string>YES_ERROR</string>
				<key>GCC_WARN_UNDECLARED_SELECTOR</key>
				<string>YES</string>
				<key>GCC_WARN_UNINITIALIZED_AUTOS</key>
				<string>YES_AGGRESSIVE</string>
				<key>GCC_WARN_UNUSED_FUNCTION</key>
				<string>YES</string>
				<key>GCC_WARN_UNUSED_VARIABLE</key>
				<string>YES</string>
				<key>IPHONEOS_DEPLOYMENT_TARGET</key>
				<string>8.1</string>
				<key>MTL_ENABLE_DEBUG_INFO</key>
				<string>YES</string>
				<key>ONLY_ACTIVE_ARCH</key>
				<string>YES</string>
				<key>SDKROOT</key>
				<string>iphoneos</string>
				<key>SWIFT_OPTIMIZATION_LEVEL</key>
				<string>-Onone</string>
			</dict>
			<key>isa</key>
			<string>XCBuildConfiguration</string>
			<key>name</key>
			<string>Debug</string>
		</dict>
		<key>DBF595941AA93DC100C50DAB</key>
		<dict>
			<key>buildSettings</key>
			<dict>
				<key>ALWAYS_SEARCH_USER_PATHS</key>
				<string>NO</string>
				<key>CLANG_CXX_LANGUAGE_STANDARD</key>
				<string>gnu++0x</string>
				<key>CLANG_CXX_LIBRARY</key>
				<string>libc++</string>
				<key>CLANG_ENABLE_MODULES</key>
				<string>YES</string>
				<key>CLANG_ENABLE_OBJC_ARC</key>
				<string>YES</string>
				<key>CLANG_WARN_BOOL_CONVERSION</key>
				<string>YES</string>
				<key>CLANG_WARN_CONSTANT_CONVERSION</key>
				<string>YES</string>
				<key>CLANG_WARN_DIRECT_OBJC_ISA_USAGE</key>
				<string>YES_ERROR</string>
				<key>CLANG_WARN_EMPTY_BODY</key>
				<string>YES</string>
				<key>CLANG_WARN_ENUM_CONVERSION</key>
				<string>YES</string>
				<key>CLANG_WARN_INT_CONVERSION</key>
				<string>YES</string>
				<key>CLANG_WARN_OBJC_ROOT_CLASS</key>
				<string>YES_ERROR</string>
				<key>CLANG_WARN_UNREACHABLE_CODE</key>
				<string>YES</string>
				<key>CLANG_WARN__DUPLICATE_METHOD_MATCH</key>
				<string>YES</string>
				<key>CODE_SIGN_IDENTITY[sdk=iphoneos*]</key>
				<string>iPhone Developer</string>
				<key>COPY_PHASE_STRIP</key>
				<string>YES</string>
				<key>ENABLE_NS_ASSERTIONS</key>
				<string>NO</string>
				<key>ENABLE_STRICT_OBJC_MSGSEND</key>
				<string>YES</string>
				<key>GCC_C_LANGUAGE_STANDARD</key>
				<string>gnu99</string>
				<key>GCC_WARN_64_TO_32_BIT_CONVERSION</key>
				<string>YES</string>
				<key>GCC_WARN_ABOUT_RETURN_TYPE</key>
				<string>YES_ERROR</string>
				<key>GCC_WARN_UNDECLARED_SELECTOR</key>
				<string>YES</string>
				<key>GCC_WARN_UNINITIALIZED_AUTOS</key>
				<string>YES_AGGRESSIVE</string>
				<key>GCC_WARN_UNUSED_FUNCTION</key>
				<string>YES</string>
				<key>GCC_WARN_UNUSED_VARIABLE</key>
				<string>YES</string>
				<key>IPHONEOS_DEPLOYMENT_TARGET</key>
				<string>8.1</string>
				<key>MTL_ENABLE_DEBUG_INFO</key>
				<string>NO</string>
				<key>SDKROOT</key>
				<string>iphoneos</string>
				<key>VALIDATE_PRODUCT</key>
				<string>YES</string>
			</dict>
			<key>isa</key>
			<string>XCBuildConfiguration</string>
			<key>name</key>
			<string>Release</string>
		</dict>
		<key>DBF595951AA93DC100C50DAB</key>
		<dict>
			<key>buildConfigurations</key>
			<array>
				<string>DBF595961AA93DC100C50DAB</string>
				<string>DBF595971AA93DC100C50DAB</string>
			</array>
			<key>defaultConfigurationIsVisible</key>
			<string>0</string>
			<key>defaultConfigurationName</key>
			<string>Release</string>
			<key>isa</key>
			<string>XCConfigurationList</string>
		</dict>
		<key>DBF595961AA93DC100C50DAB</key>
		<dict>
			<key>baseConfigurationReference</key>
			<string>7CD869FFA8C3EBDA4A136995</string>
			<key>buildSettings</key>
			<dict>
				<key>ASSETCATALOG_COMPILER_APPICON_NAME</key>
				<string>AppIcon</string>
				<key>INFOPLIST_FILE</key>
				<string>TallyHo/Info.plist</string>
				<key>LD_RUNPATH_SEARCH_PATHS</key>
				<string>$(inherited) @executable_path/Frameworks</string>
				<key>PRODUCT_NAME</key>
				<string>$(TARGET_NAME)</string>
			</dict>
			<key>isa</key>
			<string>XCBuildConfiguration</string>
			<key>name</key>
			<string>Debug</string>
		</dict>
		<key>DBF595971AA93DC100C50DAB</key>
		<dict>
			<key>baseConfigurationReference</key>
			<string>CB68821D34DF53453DA3D426</string>
			<key>buildSettings</key>
			<dict>
				<key>ASSETCATALOG_COMPILER_APPICON_NAME</key>
				<string>AppIcon</string>
				<key>INFOPLIST_FILE</key>
				<string>TallyHo/Info.plist</string>
				<key>LD_RUNPATH_SEARCH_PATHS</key>
				<string>$(inherited) @executable_path/Frameworks</string>
				<key>PRODUCT_NAME</key>
				<string>$(TARGET_NAME)</string>
			</dict>
			<key>isa</key>
			<string>XCBuildConfiguration</string>
			<key>name</key>
			<string>Release</string>
		</dict>
		<key>DBF595981AA93DC100C50DAB</key>
		<dict>
			<key>buildConfigurations</key>
			<array>
				<string>DBF595991AA93DC100C50DAB</string>
				<string>DBF5959A1AA93DC100C50DAB</string>
			</array>
			<key>defaultConfigurationIsVisible</key>
			<string>0</string>
			<key>defaultConfigurationName</key>
			<string>Release</string>
			<key>isa</key>
			<string>XCConfigurationList</string>
		</dict>
		<key>DBF595991AA93DC100C50DAB</key>
		<dict>
			<key>buildSettings</key>
			<dict>
				<key>BUNDLE_LOADER</key>
				<string>$(TEST_HOST)</string>
				<key>FRAMEWORK_SEARCH_PATHS</key>
				<array>
					<string>$(SDKROOT)/Developer/Library/Frameworks</string>
					<string>$(inherited)</string>
				</array>
				<key>GCC_PREPROCESSOR_DEFINITIONS</key>
				<array>
					<string>DEBUG=1</string>
					<string>$(inherited)</string>
				</array>
				<key>INFOPLIST_FILE</key>
				<string>TallyHoTests/Info.plist</string>
				<key>LD_RUNPATH_SEARCH_PATHS</key>
				<string>$(inherited) @executable_path/Frameworks @loader_path/Frameworks</string>
				<key>PRODUCT_NAME</key>
				<string>$(TARGET_NAME)</string>
				<key>TEST_HOST</key>
				<string>$(BUILT_PRODUCTS_DIR)/TallyHo.app/TallyHo</string>
			</dict>
			<key>isa</key>
			<string>XCBuildConfiguration</string>
			<key>name</key>
			<string>Debug</string>
		</dict>
		<key>DBF5959A1AA93DC100C50DAB</key>
		<dict>
			<key>buildSettings</key>
			<dict>
				<key>BUNDLE_LOADER</key>
				<string>$(TEST_HOST)</string>
				<key>FRAMEWORK_SEARCH_PATHS</key>
				<array>
					<string>$(SDKROOT)/Developer/Library/Frameworks</string>
					<string>$(inherited)</string>
				</array>
				<key>INFOPLIST_FILE</key>
				<string>TallyHoTests/Info.plist</string>
				<key>LD_RUNPATH_SEARCH_PATHS</key>
				<string>$(inherited) @executable_path/Frameworks @loader_path/Frameworks</string>
				<key>PRODUCT_NAME</key>
				<string>$(TARGET_NAME)</string>
				<key>TEST_HOST</key>
				<string>$(BUILT_PRODUCTS_DIR)/TallyHo.app/TallyHo</string>
			</dict>
			<key>isa</key>
			<string>XCBuildConfiguration</string>
			<key>name</key>
			<string>Release</string>
		</dict>
		<key>DBF5959B1AA93E7700C50DAB</key>
		<dict>
			<key>children</key>
			<array>
				<string>DBF5959C1AA93E7700C50DAB</string>
				<string>DBF5959D1AA93E7700C50DAB</string>
				<string>DBF595A11AA93E7700C50DAB</string>
				<string>DBF595A21AA93E7700C50DAB</string>
				<string>DBF595A31AA93E7700C50DAB</string>
				<string>DBF595A41AA93E7700C50DAB</string>
				<string>DBF595A61AA93E7700C50DAB</string>
				<string>DBF595A71AA93E7700C50DAB</string>
				<string>DBF595A91AA93E7700C50DAB</string>
				<string>DBF595AC1AA93E7700C50DAB</string>
				<string>DBF595AD1AA93E7700C50DAB</string>
				<string>DBF595AE1AA93E7700C50DAB</string>
				<string>DBF595AF1AA93E7700C50DAB</string>
				<string>DBF595B21AA93E7700C50DAB</string>
				<string>DBF595B41AA93E7700C50DAB</string>
			</array>
			<key>isa</key>
			<string>PBXGroup</string>
			<key>path</key>
			<string>FSwift</string>
			<key>sourceTree</key>
			<string>&lt;group&gt;</string>
		</dict>
		<key>DBF5959C1AA93E7700C50DAB</key>
		<dict>
			<key>fileEncoding</key>
			<string>4</string>
			<key>isa</key>
			<string>PBXFileReference</string>
			<key>lastKnownFileType</key>
			<string>sourcecode.swift</string>
			<key>path</key>
			<string>Color.swift</string>
			<key>sourceTree</key>
			<string>&lt;group&gt;</string>
		</dict>
		<key>DBF5959D1AA93E7700C50DAB</key>
		<dict>
			<key>children</key>
			<array>
				<string>DBF5959E1AA93E7700C50DAB</string>
				<string>DBF5959F1AA93E7700C50DAB</string>
				<string>DBF595A01AA93E7700C50DAB</string>
			</array>
			<key>isa</key>
			<string>PBXGroup</string>
			<key>path</key>
			<string>Concurrency</string>
			<key>sourceTree</key>
			<string>&lt;group&gt;</string>
		</dict>
		<key>DBF5959E1AA93E7700C50DAB</key>
		<dict>
			<key>fileEncoding</key>
			<string>4</string>
			<key>isa</key>
			<string>PBXFileReference</string>
			<key>lastKnownFileType</key>
			<string>sourcecode.swift</string>
			<key>path</key>
			<string>Dispatch.swift</string>
			<key>sourceTree</key>
			<string>&lt;group&gt;</string>
		</dict>
		<key>DBF5959F1AA93E7700C50DAB</key>
		<dict>
			<key>fileEncoding</key>
			<string>4</string>
			<key>isa</key>
			<string>PBXFileReference</string>
			<key>lastKnownFileType</key>
			<string>sourcecode.swift</string>
			<key>path</key>
			<string>Future.swift</string>
			<key>sourceTree</key>
			<string>&lt;group&gt;</string>
		</dict>
		<key>DBF595A01AA93E7700C50DAB</key>
		<dict>
			<key>fileEncoding</key>
			<string>4</string>
			<key>isa</key>
			<string>PBXFileReference</string>
			<key>lastKnownFileType</key>
			<string>sourcecode.swift</string>
			<key>path</key>
			<string>Signal.swift</string>
			<key>sourceTree</key>
			<string>&lt;group&gt;</string>
		</dict>
		<key>DBF595A11AA93E7700C50DAB</key>
		<dict>
			<key>fileEncoding</key>
			<string>4</string>
			<key>isa</key>
			<string>PBXFileReference</string>
			<key>lastKnownFileType</key>
			<string>sourcecode.swift</string>
			<key>path</key>
			<string>Date.swift</string>
			<key>sourceTree</key>
			<string>&lt;group&gt;</string>
		</dict>
		<key>DBF595A21AA93E7700C50DAB</key>
		<dict>
			<key>fileEncoding</key>
			<string>4</string>
			<key>isa</key>
			<string>PBXFileReference</string>
			<key>lastKnownFileType</key>
			<string>sourcecode.swift</string>
			<key>path</key>
			<string>Dictionary.swift</string>
			<key>sourceTree</key>
			<string>&lt;group&gt;</string>
		</dict>
		<key>DBF595A31AA93E7700C50DAB</key>
		<dict>
			<key>fileEncoding</key>
			<string>4</string>
			<key>isa</key>
			<string>PBXFileReference</string>
			<key>lastKnownFileType</key>
			<string>text.plist.xml</string>
			<key>path</key>
			<string>Info.plist</string>
			<key>sourceTree</key>
			<string>&lt;group&gt;</string>
		</dict>
		<key>DBF595A41AA93E7700C50DAB</key>
		<dict>
			<key>children</key>
			<array>
				<string>DBF595A51AA93E7700C50DAB</string>
			</array>
			<key>isa</key>
			<string>PBXGroup</string>
			<key>path</key>
			<string>List</string>
			<key>sourceTree</key>
			<string>&lt;group&gt;</string>
		</dict>
		<key>DBF595A51AA93E7700C50DAB</key>
		<dict>
			<key>fileEncoding</key>
			<string>4</string>
			<key>isa</key>
			<string>PBXFileReference</string>
			<key>lastKnownFileType</key>
			<string>sourcecode.swift</string>
			<key>path</key>
			<string>ListExtension.swift</string>
			<key>sourceTree</key>
			<string>&lt;group&gt;</string>
		</dict>
		<key>DBF595A61AA93E7700C50DAB</key>
		<dict>
			<key>fileEncoding</key>
			<string>4</string>
			<key>isa</key>
			<string>PBXFileReference</string>
			<key>lastKnownFileType</key>
			<string>sourcecode.swift</string>
			<key>path</key>
			<string>Logging.swift</string>
			<key>sourceTree</key>
			<string>&lt;group&gt;</string>
		</dict>
		<key>DBF595A71AA93E7700C50DAB</key>
		<dict>
			<key>children</key>
			<array>
				<string>DBF595A81AA93E7700C50DAB</string>
			</array>
			<key>isa</key>
			<string>PBXGroup</string>
			<key>path</key>
			<string>Network</string>
			<key>sourceTree</key>
			<string>&lt;group&gt;</string>
		</dict>
		<key>DBF595A81AA93E7700C50DAB</key>
		<dict>
			<key>fileEncoding</key>
			<string>4</string>
			<key>isa</key>
			<string>PBXFileReference</string>
			<key>lastKnownFileType</key>
			<string>sourcecode.swift</string>
			<key>path</key>
			<string>ServiceUtil.swift</string>
			<key>sourceTree</key>
			<string>&lt;group&gt;</string>
		</dict>
		<key>DBF595A91AA93E7700C50DAB</key>
		<dict>
			<key>children</key>
			<array>
				<string>DBF595AA1AA93E7700C50DAB</string>
				<string>DBF595AB1AA93E7700C50DAB</string>
			</array>
			<key>isa</key>
			<string>PBXGroup</string>
			<key>path</key>
			<string>Optional</string>
			<key>sourceTree</key>
			<string>&lt;group&gt;</string>
		</dict>
		<key>DBF595AA1AA93E7700C50DAB</key>
		<dict>
			<key>fileEncoding</key>
			<string>4</string>
			<key>isa</key>
			<string>PBXFileReference</string>
			<key>lastKnownFileType</key>
			<string>sourcecode.swift</string>
			<key>path</key>
			<string>Decoder.swift</string>
			<key>sourceTree</key>
			<string>&lt;group&gt;</string>
		</dict>
		<key>DBF595AB1AA93E7700C50DAB</key>
		<dict>
			<key>fileEncoding</key>
			<string>4</string>
			<key>isa</key>
			<string>PBXFileReference</string>
			<key>lastKnownFileType</key>
			<string>sourcecode.swift</string>
			<key>path</key>
			<string>OptionalExtension.swift</string>
			<key>sourceTree</key>
			<string>&lt;group&gt;</string>
		</dict>
		<key>DBF595AC1AA93E7700C50DAB</key>
		<dict>
			<key>fileEncoding</key>
			<string>4</string>
			<key>isa</key>
			<string>PBXFileReference</string>
			<key>lastKnownFileType</key>
			<string>sourcecode.swift</string>
			<key>path</key>
			<string>Rect.swift</string>
			<key>sourceTree</key>
			<string>&lt;group&gt;</string>
		</dict>
		<key>DBF595AD1AA93E7700C50DAB</key>
		<dict>
			<key>fileEncoding</key>
			<string>4</string>
			<key>isa</key>
			<string>PBXFileReference</string>
			<key>lastKnownFileType</key>
			<string>sourcecode.swift</string>
			<key>path</key>
			<string>Segue.swift</string>
			<key>sourceTree</key>
			<string>&lt;group&gt;</string>
		</dict>
		<key>DBF595AE1AA93E7700C50DAB</key>
		<dict>
			<key>fileEncoding</key>
			<string>4</string>
			<key>isa</key>
			<string>PBXFileReference</string>
			<key>lastKnownFileType</key>
			<string>sourcecode.swift</string>
			<key>path</key>
			<string>Storage.swift</string>
			<key>sourceTree</key>
			<string>&lt;group&gt;</string>
		</dict>
		<key>DBF595AF1AA93E7700C50DAB</key>
		<dict>
			<key>children</key>
			<array>
				<string>DBF595B01AA93E7700C50DAB</string>
				<string>DBF595B11AA93E7700C50DAB</string>
			</array>
			<key>isa</key>
			<string>PBXGroup</string>
			<key>path</key>
			<string>Time</string>
			<key>sourceTree</key>
			<string>&lt;group&gt;</string>
		</dict>
		<key>DBF595B01AA93E7700C50DAB</key>
		<dict>
			<key>fileEncoding</key>
			<string>4</string>
			<key>isa</key>
			<string>PBXFileReference</string>
			<key>lastKnownFileType</key>
			<string>sourcecode.swift</string>
			<key>path</key>
			<string>IntervalExtension.swift</string>
			<key>sourceTree</key>
			<string>&lt;group&gt;</string>
		</dict>
		<key>DBF595B11AA93E7700C50DAB</key>
		<dict>
			<key>fileEncoding</key>
			<string>4</string>
			<key>isa</key>
			<string>PBXFileReference</string>
			<key>lastKnownFileType</key>
			<string>sourcecode.swift</string>
			<key>path</key>
			<string>Timer.swift</string>
			<key>sourceTree</key>
			<string>&lt;group&gt;</string>
		</dict>
		<key>DBF595B21AA93E7700C50DAB</key>
		<dict>
			<key>children</key>
			<array>
				<string>DBF595B31AA93E7700C50DAB</string>
			</array>
			<key>isa</key>
			<string>PBXGroup</string>
			<key>path</key>
			<string>Try</string>
			<key>sourceTree</key>
			<string>&lt;group&gt;</string>
		</dict>
		<key>DBF595B31AA93E7700C50DAB</key>
		<dict>
			<key>fileEncoding</key>
			<string>4</string>
			<key>isa</key>
			<string>PBXFileReference</string>
			<key>lastKnownFileType</key>
			<string>sourcecode.swift</string>
			<key>path</key>
			<string>Try.swift</string>
			<key>sourceTree</key>
			<string>&lt;group&gt;</string>
		</dict>
		<key>DBF595B41AA93E7700C50DAB</key>
		<dict>
			<key>children</key>
			<array>
				<string>DBF595B51AA93E7700C50DAB</string>
			</array>
			<key>isa</key>
			<string>PBXGroup</string>
			<key>path</key>
			<string>UIView</string>
			<key>sourceTree</key>
			<string>&lt;group&gt;</string>
		</dict>
		<key>DBF595B51AA93E7700C50DAB</key>
		<dict>
			<key>fileEncoding</key>
			<string>4</string>
			<key>isa</key>
			<string>PBXFileReference</string>
			<key>lastKnownFileType</key>
			<string>sourcecode.swift</string>
			<key>path</key>
			<string>UIControlExtension.swift</string>
			<key>sourceTree</key>
			<string>&lt;group&gt;</string>
		</dict>
		<key>DBF595B61AA93E7700C50DAB</key>
		<dict>
			<key>fileRef</key>
			<string>DBF5959C1AA93E7700C50DAB</string>
			<key>isa</key>
			<string>PBXBuildFile</string>
		</dict>
		<key>DBF595B71AA93E7700C50DAB</key>
		<dict>
			<key>fileRef</key>
			<string>DBF5959E1AA93E7700C50DAB</string>
			<key>isa</key>
			<string>PBXBuildFile</string>
		</dict>
		<key>DBF595B81AA93E7700C50DAB</key>
		<dict>
			<key>fileRef</key>
			<string>DBF5959F1AA93E7700C50DAB</string>
			<key>isa</key>
			<string>PBXBuildFile</string>
		</dict>
		<key>DBF595B91AA93E7700C50DAB</key>
		<dict>
			<key>fileRef</key>
			<string>DBF595A01AA93E7700C50DAB</string>
			<key>isa</key>
			<string>PBXBuildFile</string>
		</dict>
		<key>DBF595BA1AA93E7700C50DAB</key>
		<dict>
			<key>fileRef</key>
			<string>DBF595A11AA93E7700C50DAB</string>
			<key>isa</key>
			<string>PBXBuildFile</string>
		</dict>
		<key>DBF595BB1AA93E7700C50DAB</key>
		<dict>
			<key>fileRef</key>
			<string>DBF595A21AA93E7700C50DAB</string>
			<key>isa</key>
			<string>PBXBuildFile</string>
		</dict>
		<key>DBF595BC1AA93E7700C50DAB</key>
		<dict>
			<key>fileRef</key>
			<string>DBF595A31AA93E7700C50DAB</string>
			<key>isa</key>
			<string>PBXBuildFile</string>
		</dict>
		<key>DBF595BD1AA93E7700C50DAB</key>
		<dict>
			<key>fileRef</key>
			<string>DBF595A51AA93E7700C50DAB</string>
			<key>isa</key>
			<string>PBXBuildFile</string>
		</dict>
		<key>DBF595BE1AA93E7700C50DAB</key>
		<dict>
			<key>fileRef</key>
			<string>DBF595A61AA93E7700C50DAB</string>
			<key>isa</key>
			<string>PBXBuildFile</string>
		</dict>
		<key>DBF595BF1AA93E7700C50DAB</key>
		<dict>
			<key>fileRef</key>
			<string>DBF595A81AA93E7700C50DAB</string>
			<key>isa</key>
			<string>PBXBuildFile</string>
		</dict>
		<key>DBF595C01AA93E7700C50DAB</key>
		<dict>
			<key>fileRef</key>
			<string>DBF595AA1AA93E7700C50DAB</string>
			<key>isa</key>
			<string>PBXBuildFile</string>
		</dict>
		<key>DBF595C11AA93E7700C50DAB</key>
		<dict>
			<key>fileRef</key>
			<string>DBF595AB1AA93E7700C50DAB</string>
			<key>isa</key>
			<string>PBXBuildFile</string>
		</dict>
		<key>DBF595C21AA93E7700C50DAB</key>
		<dict>
			<key>fileRef</key>
			<string>DBF595AC1AA93E7700C50DAB</string>
			<key>isa</key>
			<string>PBXBuildFile</string>
		</dict>
		<key>DBF595C31AA93E7700C50DAB</key>
		<dict>
			<key>fileRef</key>
			<string>DBF595AD1AA93E7700C50DAB</string>
			<key>isa</key>
			<string>PBXBuildFile</string>
		</dict>
		<key>DBF595C41AA93E7700C50DAB</key>
		<dict>
			<key>fileRef</key>
			<string>DBF595AE1AA93E7700C50DAB</string>
			<key>isa</key>
			<string>PBXBuildFile</string>
		</dict>
		<key>DBF595C51AA93E7700C50DAB</key>
		<dict>
			<key>fileRef</key>
			<string>DBF595B01AA93E7700C50DAB</string>
			<key>isa</key>
			<string>PBXBuildFile</string>
		</dict>
		<key>DBF595C61AA93E7700C50DAB</key>
		<dict>
			<key>fileRef</key>
			<string>DBF595B11AA93E7700C50DAB</string>
			<key>isa</key>
			<string>PBXBuildFile</string>
		</dict>
		<key>DBF595C71AA93E7700C50DAB</key>
		<dict>
			<key>fileRef</key>
			<string>DBF595B31AA93E7700C50DAB</string>
			<key>isa</key>
			<string>PBXBuildFile</string>
		</dict>
		<key>DBF595C81AA93E7700C50DAB</key>
		<dict>
			<key>fileRef</key>
			<string>DBF595B51AA93E7700C50DAB</string>
			<key>isa</key>
			<string>PBXBuildFile</string>
		</dict>
	</dict>
	<key>rootObject</key>
	<string>DBF5956E1AA93DC100C50DAB</string>
</dict>
</plist>
